Microsoft Visual Studio Solution File, Format Version 12.00
# Visual Studio 2013
VisualStudioVersion = 12.0.31101.0
MinimumVisualStudioVersion = 10.0.40219.1
Project("{FAE04EC0-301F-11D3-BF4B-00C04F79EFBC}") = "dxSample_IAnyControl", "dxSample_IAnyControl\dxSample_IAnyControl.csproj", "{FED0881D-00EA-4C8D-8C87-9ADD735ABBFD}"
EndProject
Global
	GlobalSection(SolutionConfigurationPlatforms) = preSolution
		Debug|Any CPU = Debug|Any CPU
		Release|Any CPU = Release|Any CPU
	EndGlobalSection
	GlobalSection(ProjectConfigurationPlatforms) = postSolution
		{FED0881D-00EA-4C8D-8C87-9ADD735ABBFD}.Debug|Any CPU.ActiveCfg = Debug|Any CPU
		{FED0881D-00EA-4C8D-8C87-9ADD735ABBFD}.Debug|Any CPU.Build.0 = Debug|Any CPU
		{FED0881D-00EA-4C8D-8C87-9ADD735ABBFD}.Release|Any CPU.ActiveCfg = Release|Any CPU
		{FED0881D-00EA-4C8D-8C87-9ADD735ABBFD}.Release|Any CPU.Build.0 = Release|Any CPU
	EndGlobalSection
	GlobalSection(SolutionProperties) = preSolution
		HideSolutionNode = FALSE
	EndGlobalSection
EndGlobal
